
Microsoft Visual Studio Solution File, Format Version 12.00
# Visual Studio Version 17
VisualStudioVersion = 17.5.002.0
MinimumVisualStudioVersion = 10.0.40219.1
Project("{9A19103F-16F7-4668-BE54-9A1E7A4F7556}") = "Indices", "Indices.csproj", "{B8DB48E4-E759-431D-AB23-899608EBC9ED}"
EndProject
Global
	GlobalSection(SolutionConfigurationPlatforms) = preSolution
		Debug|Any CPU = Debug|Any CPU
		Release|Any CPU = Release|Any CPU
	EndGlobalSection
	GlobalSection(ProjectConfigurationPlatforms) = postSolution
		{B8DB48E4-E759-431D-AB23-899608EBC9ED}.Debug|Any CPU.ActiveCfg = Debug|Any CPU
		{B8DB48E4-E759-431D-AB23-899608EBC9ED}.Debug|Any CPU.Build.0 = Debug|Any CPU
		{B8DB48E4-E759-431D-AB23-899608EBC9ED}.Release|Any CPU.ActiveCfg = Release|Any CPU
		{B8DB48E4-E759-431D-AB23-899608EBC9ED}.Release|Any CPU.Build.0 = Release|Any CPU
	EndGlobalSection
	GlobalSection(SolutionProperties) = preSolution
		HideSolutionNode = FALSE
	EndGlobalSection
	GlobalSection(ExtensibilityGlobals) = postSolution
		SolutionGuid = {DDA20D4D-D7F5-473E-AA3F-1F0E713BE678}
	EndGlobalSection
EndGlobal
